{
  "requires": true,
  "lockfileVersion": 1,
  "dependencies": {
    "unibabel": {
      "version": "2.1.7",
      "resolved": "https://registry.npmjs.org/unibabel/-/unibabel-2.1.7.tgz",
      "integrity": "sha512-UE3o33owprhW9KYqBdFYzbx5m/nYavivQm+GsjRhQ29/B1oEsgkAculd9A93c3oUVy4voq7E49xnty73nXB2HQ=="
    }
  }
}
